
Microsoft Visual Studio Solution File, Format Version 12.00
# Visual Studio Version 16
VisualStudioVersion = 16.0.28729.10
MinimumVisualStudioVersion = 10.0.40219.1
Project("{2150E333-8FDC-42A3-9474-1A3956D46DE8}") = "Libraries", "Libraries", "{D836EF40-187B-4691-A91B-E7568C64C5A4}"
EndProject
Project("{9A19103F-16F7-4668-BE54-9A1E7A4F7556}") = "Library.Mongo", "src\Library.Mongo\Library.Mongo.csproj", "{D98C7CD1-6418-4059-A332-FF8457DEA875}"
EndProject
Project("{2150E333-8FDC-42A3-9474-1A3956D46DE8}") = "Core", "Core", "{66ADA061-5B32-4DC6-B305-0903EED490B9}"
EndProject
Project("{9A19103F-16F7-4668-BE54-9A1E7A4F7556}") = "Core.Domain", "src\Core.Domain\Core.Domain.csproj", "{9057B347-0527-454D-9341-1FD24D537525}"
EndProject
Project("{9A19103F-16F7-4668-BE54-9A1E7A4F7556}") = "Library.EventStore", "src\Library.EventStore\Library.EventStore.csproj", "{5D76F3C0-A033-4C4E-B343-6C624F1C593C}"
EndProject
Project("{9A19103F-16F7-4668-BE54-9A1E7A4F7556}") = "Core.Application", "src\Core.Application\Core.Application.csproj", "{677D8498-5C0A-4F32-AC97-36A3939A3653}"
EndProject
Project("{2150E333-8FDC-42A3-9474-1A3956D46DE8}") = "Hosts", "Hosts", "{71EF192D-1F5B-412D-A191-453F8BBD2B71}"
EndProject
Project("{9A19103F-16F7-4668-BE54-9A1E7A4F7556}") = "Buddy.Host", "src\Buddy.Host\Buddy.Host.csproj", "{AA3688D1-FCD4-4EC3-BA3B-75CEAEF0BA12}"
EndProject
Project("{2150E333-8FDC-42A3-9474-1A3956D46DE8}") = "Account", "Account", "{83CFDB26-B17D-4CF5-A4CB-98EBFC72E72D}"
EndProject
Project("{9A19103F-16F7-4668-BE54-9A1E7A4F7556}") = "Account.Domain", "src\Account.Domain\Account.Domain.csproj", "{B7F67822-1D65-4D45-A0A9-9CAD573CF03A}"
EndProject
Project("{9A19103F-16F7-4668-BE54-9A1E7A4F7556}") = "Account.Application.CommandService", "src\Account.Application.CommandService\Account.Application.CommandService.csproj", "{39C90839-2D58-44E8-AD01-1D1FAF68F737}"
EndProject
Project("{9A19103F-16F7-4668-BE54-9A1E7A4F7556}") = "Core.Infrastructure", "src\Core.Infrastructure\Core.Infrastructure.csproj", "{AC370AB1-94B6-492C-AF18-4BC44D67EFDF}"
EndProject
Project("{9A19103F-16F7-4668-BE54-9A1E7A4F7556}") = "Account.Application.QueryService", "src\Account.Application.QueryService\Account.Application.QueryService.csproj", "{D6FAC431-BDBB-4C45-B8C0-56E2F344C543}"
EndProject
Project("{2150E333-8FDC-42A3-9474-1A3956D46DE8}") = "Buddy", "Buddy", "{C075F8C0-A0AA-479C-81EF-8742434D9EA9}"
EndProject
Project("{9A19103F-16F7-4668-BE54-9A1E7A4F7556}") = "Buddy.Domain", "src\Buddy.Domain\Buddy.Domain.csproj", "{BCD1B8B8-0E6A-47BE-9B08-46C3D2248B61}"
EndProject
Project("{9A19103F-16F7-4668-BE54-9A1E7A4F7556}") = "Buddy.Application.CommandService", "src\Buddy.Application.CommandService\Buddy.Application.CommandService.csproj", "{7BBF5E81-6896-437F-8A67-CC39E79B4443}"
EndProject
Project("{9A19103F-16F7-4668-BE54-9A1E7A4F7556}") = "Buddy.Application.QueryService", "src\Buddy.Application.QueryService\Buddy.Application.QueryService.csproj", "{D73FE15F-E6A1-49B4-A4EA-1ED14F5D248F}"
EndProject
Project("{9A19103F-16F7-4668-BE54-9A1E7A4F7556}") = "Buddy.Infrastructure", "src\Buddy.Infrastructure\Buddy.Infrastructure.csproj", "{B54BA46D-4FF9-4293-B0CB-5F7D1FA8D88A}"
EndProject
Project("{2150E333-8FDC-42A3-9474-1A3956D46DE8}") = "Genre", "Genre", "{43F85CE7-1AF9-4307-BDC6-BE83CBBD7BA4}"
EndProject
Project("{9A19103F-16F7-4668-BE54-9A1E7A4F7556}") = "Genre.Domain", "src\Genre.Domain\Genre.Domain.csproj", "{91FB8C90-5269-47ED-ABDA-B5F420496ED6}"
EndProject
Project("{9A19103F-16F7-4668-BE54-9A1E7A4F7556}") = "Genre.Application.QueryService", "src\Genre.Application.QueryService\Genre.Application.QueryService.csproj", "{590C2FC1-01D9-4F2B-9038-1C1A2BFE3B96}"
EndProject
Project("{9A19103F-16F7-4668-BE54-9A1E7A4F7556}") = "Genre.Application.CommandService", "src\Genre.Application.CommandService\Genre.Application.CommandService.csproj", "{D465867F-E0B6-4F7F-8735-A2756D35C17A}"
EndProject
Project("{9A19103F-16F7-4668-BE54-9A1E7A4F7556}") = "Genre.Api", "src\Genre.Api\Genre.Api.csproj", "{3E4D9C87-C68F-42C7-87A1-841F16DA1E9D}"
EndProject
Project("{9A19103F-16F7-4668-BE54-9A1E7A4F7556}") = "Core.Api", "src\Core.Api\Core.Api.csproj", "{0E4ACD7C-5701-4F51-AAA9-C08BCB5E13EE}"
EndProject
Project("{9A19103F-16F7-4668-BE54-9A1E7A4F7556}") = "Buddy.Api", "src\Buddy.Api\Buddy.Api.csproj", "{2604EA9B-F6F3-4F5E-87D8-5D917DF901EC}"
EndProject
Project("{9A19103F-16F7-4668-BE54-9A1E7A4F7556}") = "Account.Api", "src\Account.Api\Account.Api.csproj", "{9FD970A7-6E34-4CBD-AA3A-92691FAB530F}"
EndProject
Project("{2150E333-8FDC-42A3-9474-1A3956D46DE8}") = "Region", "Region", "{1D85BD90-7214-47E5-8757-FC02504349C8}"
EndProject
Project("{9A19103F-16F7-4668-BE54-9A1E7A4F7556}") = "Region.Domain", "src\Region.Domain\Region.Domain.csproj", "{2D52344B-4253-405D-9E1D-0E8A1B7EC7E2}"
EndProject
Project("{9A19103F-16F7-4668-BE54-9A1E7A4F7556}") = "Region.Application.QueryService", "src\Region.Application.QueryService\Region.Application.QueryService.csproj", "{0EF226CD-EF4D-4E44-B055-3EDC07498641}"
EndProject
Project("{9A19103F-16F7-4668-BE54-9A1E7A4F7556}") = "Region.Application.CommandService", "src\Region.Application.CommandService\Region.Application.CommandService.csproj", "{7230D36A-8A18-4E94-BB8F-7AEC8B9069E4}"
EndProject
Project("{9A19103F-16F7-4668-BE54-9A1E7A4F7556}") = "Region.Api", "src\Region.Api\Region.Api.csproj", "{E0E9FBF5-B0FB-403F-AA0D-C6E378DD9A81}"
EndProject
Global
	GlobalSection(SolutionConfigurationPlatforms) = preSolution
		Debug|Any CPU = Debug|Any CPU
		Debug|x64 = Debug|x64
		Release|Any CPU = Release|Any CPU
		Release|x64 = Release|x64
	EndGlobalSection
	GlobalSection(ProjectConfigurationPlatforms) = postSolution
		{D98C7CD1-6418-4059-A332-FF8457DEA875}.Debug|Any CPU.ActiveCfg = Debug|Any CPU
		{D98C7CD1-6418-4059-A332-FF8457DEA875}.Debug|Any CPU.Build.0 = Debug|Any CPU
		{D98C7CD1-6418-4059-A332-FF8457DEA875}.Debug|x64.ActiveCfg = Debug|x64
		{D98C7CD1-6418-4059-A332-FF8457DEA875}.Debug|x64.Build.0 = Debug|x64
		{D98C7CD1-6418-4059-A332-FF8457DEA875}.Release|Any CPU.ActiveCfg = Release|Any CPU
		{D98C7CD1-6418-4059-A332-FF8457DEA875}.Release|Any CPU.Build.0 = Release|Any CPU
		{D98C7CD1-6418-4059-A332-FF8457DEA875}.Release|x64.ActiveCfg = Release|x64
		{D98C7CD1-6418-4059-A332-FF8457DEA875}.Release|x64.Build.0 = Release|x64
		{9057B347-0527-454D-9341-1FD24D537525}.Debug|Any CPU.ActiveCfg = Debug|Any CPU
		{9057B347-0527-454D-9341-1FD24D537525}.Debug|Any CPU.Build.0 = Debug|Any CPU
		{9057B347-0527-454D-9341-1FD24D537525}.Debug|x64.ActiveCfg = Debug|x64
		{9057B347-0527-454D-9341-1FD24D537525}.Debug|x64.Build.0 = Debug|x64
		{9057B347-0527-454D-9341-1FD24D537525}.Release|Any CPU.ActiveCfg = Release|Any CPU
		{9057B347-0527-454D-9341-1FD24D537525}.Release|Any CPU.Build.0 = Release|Any CPU
		{9057B347-0527-454D-9341-1FD24D537525}.Release|x64.ActiveCfg = Release|x64
		{9057B347-0527-454D-9341-1FD24D537525}.Release|x64.Build.0 = Release|x64
		{5D76F3C0-A033-4C4E-B343-6C624F1C593C}.Debug|Any CPU.ActiveCfg = Debug|Any CPU
		{5D76F3C0-A033-4C4E-B343-6C624F1C593C}.Debug|Any CPU.Build.0 = Debug|Any CPU
		{5D76F3C0-A033-4C4E-B343-6C624F1C593C}.Debug|x64.ActiveCfg = Debug|x64
		{5D76F3C0-A033-4C4E-B343-6C624F1C593C}.Debug|x64.Build.0 = Debug|x64
		{5D76F3C0-A033-4C4E-B343-6C624F1C593C}.Release|Any CPU.ActiveCfg = Release|Any CPU
		{5D76F3C0-A033-4C4E-B343-6C624F1C593C}.Release|Any CPU.Build.0 = Release|Any CPU
		{5D76F3C0-A033-4C4E-B343-6C624F1C593C}.Release|x64.ActiveCfg = Release|x64
		{5D76F3C0-A033-4C4E-B343-6C624F1C593C}.Release|x64.Build.0 = Release|x64
		{677D8498-5C0A-4F32-AC97-36A3939A3653}.Debug|Any CPU.ActiveCfg = Debug|Any CPU
		{677D8498-5C0A-4F32-AC97-36A3939A3653}.Debug|Any CPU.Build.0 = Debug|Any CPU
		{677D8498-5C0A-4F32-AC97-36A3939A3653}.Debug|x64.ActiveCfg = Debug|x64
		{677D8498-5C0A-4F32-AC97-36A3939A3653}.Debug|x64.Build.0 = Debug|x64
		{677D8498-5C0A-4F32-AC97-36A3939A3653}.Release|Any CPU.ActiveCfg = Release|Any CPU
		{677D8498-5C0A-4F32-AC97-36A3939A3653}.Release|Any CPU.Build.0 = Release|Any CPU
		{677D8498-5C0A-4F32-AC97-36A3939A3653}.Release|x64.ActiveCfg = Release|x64
		{677D8498-5C0A-4F32-AC97-36A3939A3653}.Release|x64.Build.0 = Release|x64
		{AA3688D1-FCD4-4EC3-BA3B-75CEAEF0BA12}.Debug|Any CPU.ActiveCfg = Debug|Any CPU
		{AA3688D1-FCD4-4EC3-BA3B-75CEAEF0BA12}.Debug|Any CPU.Build.0 = Debug|Any CPU
		{AA3688D1-FCD4-4EC3-BA3B-75CEAEF0BA12}.Debug|x64.ActiveCfg = Debug|x64
		{AA3688D1-FCD4-4EC3-BA3B-75CEAEF0BA12}.Debug|x64.Build.0 = Debug|x64
		{AA3688D1-FCD4-4EC3-BA3B-75CEAEF0BA12}.Release|Any CPU.ActiveCfg = Release|Any CPU
		{AA3688D1-FCD4-4EC3-BA3B-75CEAEF0BA12}.Release|Any CPU.Build.0 = Release|Any CPU
		{AA3688D1-FCD4-4EC3-BA3B-75CEAEF0BA12}.Release|x64.ActiveCfg = Release|x64
		{AA3688D1-FCD4-4EC3-BA3B-75CEAEF0BA12}.Release|x64.Build.0 = Release|x64
		{B7F67822-1D65-4D45-A0A9-9CAD573CF03A}.Debug|Any CPU.ActiveCfg = Debug|Any CPU
		{B7F67822-1D65-4D45-A0A9-9CAD573CF03A}.Debug|Any CPU.Build.0 = Debug|Any CPU
		{B7F67822-1D65-4D45-A0A9-9CAD573CF03A}.Debug|x64.ActiveCfg = Debug|x64
		{B7F67822-1D65-4D45-A0A9-9CAD573CF03A}.Debug|x64.Build.0 = Debug|x64
		{B7F67822-1D65-4D45-A0A9-9CAD573CF03A}.Release|Any CPU.ActiveCfg = Release|Any CPU
		{B7F67822-1D65-4D45-A0A9-9CAD573CF03A}.Release|Any CPU.Build.0 = Release|Any CPU
		{B7F67822-1D65-4D45-A0A9-9CAD573CF03A}.Release|x64.ActiveCfg = Release|x64
		{B7F67822-1D65-4D45-A0A9-9CAD573CF03A}.Release|x64.Build.0 = Release|x64
		{39C90839-2D58-44E8-AD01-1D1FAF68F737}.Debug|Any CPU.ActiveCfg = Debug|Any CPU
		{39C90839-2D58-44E8-AD01-1D1FAF68F737}.Debug|Any CPU.Build.0 = Debug|Any CPU
		{39C90839-2D58-44E8-AD01-1D1FAF68F737}.Debug|x64.ActiveCfg = Debug|x64
		{39C90839-2D58-44E8-AD01-1D1FAF68F737}.Debug|x64.Build.0 = Debug|x64
		{39C90839-2D58-44E8-AD01-1D1FAF68F737}.Release|Any CPU.ActiveCfg = Release|Any CPU
		{39C90839-2D58-44E8-AD01-1D1FAF68F737}.Release|Any CPU.Build.0 = Release|Any CPU
		{39C90839-2D58-44E8-AD01-1D1FAF68F737}.Release|x64.ActiveCfg = Release|x64
		{39C90839-2D58-44E8-AD01-1D1FAF68F737}.Release|x64.Build.0 = Release|x64
		{AC370AB1-94B6-492C-AF18-4BC44D67EFDF}.Debug|Any CPU.ActiveCfg = Debug|Any CPU
		{AC370AB1-94B6-492C-AF18-4BC44D67EFDF}.Debug|Any CPU.Build.0 = Debug|Any CPU
		{AC370AB1-94B6-492C-AF18-4BC44D67EFDF}.Debug|x64.ActiveCfg = Debug|x64
		{AC370AB1-94B6-492C-AF18-4BC44D67EFDF}.Debug|x64.Build.0 = Debug|x64
		{AC370AB1-94B6-492C-AF18-4BC44D67EFDF}.Release|Any CPU.ActiveCfg = Release|Any CPU
		{AC370AB1-94B6-492C-AF18-4BC44D67EFDF}.Release|Any CPU.Build.0 = Release|Any CPU
		{AC370AB1-94B6-492C-AF18-4BC44D67EFDF}.Release|x64.ActiveCfg = Release|x64
		{AC370AB1-94B6-492C-AF18-4BC44D67EFDF}.Release|x64.Build.0 = Release|x64
		{D6FAC431-BDBB-4C45-B8C0-56E2F344C543}.Debug|Any CPU.ActiveCfg = Debug|Any CPU
		{D6FAC431-BDBB-4C45-B8C0-56E2F344C543}.Debug|Any CPU.Build.0 = Debug|Any CPU
		{D6FAC431-BDBB-4C45-B8C0-56E2F344C543}.Debug|x64.ActiveCfg = Debug|x64
		{D6FAC431-BDBB-4C45-B8C0-56E2F344C543}.Debug|x64.Build.0 = Debug|x64
		{D6FAC431-BDBB-4C45-B8C0-56E2F344C543}.Release|Any CPU.ActiveCfg = Release|Any CPU
		{D6FAC431-BDBB-4C45-B8C0-56E2F344C543}.Release|Any CPU.Build.0 = Release|Any CPU
		{D6FAC431-BDBB-4C45-B8C0-56E2F344C543}.Release|x64.ActiveCfg = Release|x64
		{D6FAC431-BDBB-4C45-B8C0-56E2F344C543}.Release|x64.Build.0 = Release|x64
		{BCD1B8B8-0E6A-47BE-9B08-46C3D2248B61}.Debug|Any CPU.ActiveCfg = Debug|Any CPU
		{BCD1B8B8-0E6A-47BE-9B08-46C3D2248B61}.Debug|Any CPU.Build.0 = Debug|Any CPU
		{BCD1B8B8-0E6A-47BE-9B08-46C3D2248B61}.Debug|x64.ActiveCfg = Debug|x64
		{BCD1B8B8-0E6A-47BE-9B08-46C3D2248B61}.Debug|x64.Build.0 = Debug|x64
		{BCD1B8B8-0E6A-47BE-9B08-46C3D2248B61}.Release|Any CPU.ActiveCfg = Release|Any CPU
		{BCD1B8B8-0E6A-47BE-9B08-46C3D2248B61}.Release|Any CPU.Build.0 = Release|Any CPU
		{BCD1B8B8-0E6A-47BE-9B08-46C3D2248B61}.Release|x64.ActiveCfg = Release|Any CPU
		{BCD1B8B8-0E6A-47BE-9B08-46C3D2248B61}.Release|x64.Build.0 = Release|Any CPU
		{7BBF5E81-6896-437F-8A67-CC39E79B4443}.Debug|Any CPU.ActiveCfg = Debug|Any CPU
		{7BBF5E81-6896-437F-8A67-CC39E79B4443}.Debug|Any CPU.Build.0 = Debug|Any CPU
		{7BBF5E81-6896-437F-8A67-CC39E79B4443}.Debug|x64.ActiveCfg = Debug|x64
		{7BBF5E81-6896-437F-8A67-CC39E79B4443}.Debug|x64.Build.0 = Debug|x64
		{7BBF5E81-6896-437F-8A67-CC39E79B4443}.Release|Any CPU.ActiveCfg = Release|Any CPU
		{7BBF5E81-6896-437F-8A67-CC39E79B4443}.Release|Any CPU.Build.0 = Release|Any CPU
		{7BBF5E81-6896-437F-8A67-CC39E79B4443}.Release|x64.ActiveCfg = Release|Any CPU
		{7BBF5E81-6896-437F-8A67-CC39E79B4443}.Release|x64.Build.0 = Release|Any CPU
		{D73FE15F-E6A1-49B4-A4EA-1ED14F5D248F}.Debug|Any CPU.ActiveCfg = Debug|Any CPU
		{D73FE15F-E6A1-49B4-A4EA-1ED14F5D248F}.Debug|Any CPU.Build.0 = Debug|Any CPU
		{D73FE15F-E6A1-49B4-A4EA-1ED14F5D248F}.Debug|x64.ActiveCfg = Debug|x64
		{D73FE15F-E6A1-49B4-A4EA-1ED14F5D248F}.Debug|x64.Build.0 = Debug|x64
		{D73FE15F-E6A1-49B4-A4EA-1ED14F5D248F}.Release|Any CPU.ActiveCfg = Release|Any CPU
		{D73FE15F-E6A1-49B4-A4EA-1ED14F5D248F}.Release|Any CPU.Build.0 = Release|Any CPU
		{D73FE15F-E6A1-49B4-A4EA-1ED14F5D248F}.Release|x64.ActiveCfg = Release|Any CPU
		{D73FE15F-E6A1-49B4-A4EA-1ED14F5D248F}.Release|x64.Build.0 = Release|Any CPU
		{B54BA46D-4FF9-4293-B0CB-5F7D1FA8D88A}.Debug|Any CPU.ActiveCfg = Debug|Any CPU
		{B54BA46D-4FF9-4293-B0CB-5F7D1FA8D88A}.Debug|Any CPU.Build.0 = Debug|Any CPU
		{B54BA46D-4FF9-4293-B0CB-5F7D1FA8D88A}.Debug|x64.ActiveCfg = Debug|x64
		{B54BA46D-4FF9-4293-B0CB-5F7D1FA8D88A}.Debug|x64.Build.0 = Debug|x64
		{B54BA46D-4FF9-4293-B0CB-5F7D1FA8D88A}.Release|Any CPU.ActiveCfg = Release|Any CPU
		{B54BA46D-4FF9-4293-B0CB-5F7D1FA8D88A}.Release|Any CPU.Build.0 = Release|Any CPU
		{B54BA46D-4FF9-4293-B0CB-5F7D1FA8D88A}.Release|x64.ActiveCfg = Release|Any CPU
		{B54BA46D-4FF9-4293-B0CB-5F7D1FA8D88A}.Release|x64.Build.0 = Release|Any CPU
		{91FB8C90-5269-47ED-ABDA-B5F420496ED6}.Debug|Any CPU.ActiveCfg = Debug|Any CPU
		{91FB8C90-5269-47ED-ABDA-B5F420496ED6}.Debug|Any CPU.Build.0 = Debug|Any CPU
		{91FB8C90-5269-47ED-ABDA-B5F420496ED6}.Debug|x64.ActiveCfg = Debug|x64
		{91FB8C90-5269-47ED-ABDA-B5F420496ED6}.Debug|x64.Build.0 = Debug|x64
		{91FB8C90-5269-47ED-ABDA-B5F420496ED6}.Release|Any CPU.ActiveCfg = Release|Any CPU
		{91FB8C90-5269-47ED-ABDA-B5F420496ED6}.Release|Any CPU.Build.0 = Release|Any CPU
		{91FB8C90-5269-47ED-ABDA-B5F420496ED6}.Release|x64.ActiveCfg = Release|Any CPU
		{91FB8C90-5269-47ED-ABDA-B5F420496ED6}.Release|x64.Build.0 = Release|Any CPU
		{590C2FC1-01D9-4F2B-9038-1C1A2BFE3B96}.Debug|Any CPU.ActiveCfg = Debug|Any CPU
		{590C2FC1-01D9-4F2B-9038-1C1A2BFE3B96}.Debug|Any CPU.Build.0 = Debug|Any CPU
		{590C2FC1-01D9-4F2B-9038-1C1A2BFE3B96}.Debug|x64.ActiveCfg = Debug|x64
		{590C2FC1-01D9-4F2B-9038-1C1A2BFE3B96}.Debug|x64.Build.0 = Debug|x64
		{590C2FC1-01D9-4F2B-9038-1C1A2BFE3B96}.Release|Any CPU.ActiveCfg = Release|Any CPU
		{590C2FC1-01D9-4F2B-9038-1C1A2BFE3B96}.Release|Any CPU.Build.0 = Release|Any CPU
		{590C2FC1-01D9-4F2B-9038-1C1A2BFE3B96}.Release|x64.ActiveCfg = Release|Any CPU
		{590C2FC1-01D9-4F2B-9038-1C1A2BFE3B96}.Release|x64.Build.0 = Release|Any CPU
		{D465867F-E0B6-4F7F-8735-A2756D35C17A}.Debug|Any CPU.ActiveCfg = Debug|Any CPU
		{D465867F-E0B6-4F7F-8735-A2756D35C17A}.Debug|Any CPU.Build.0 = Debug|Any CPU
		{D465867F-E0B6-4F7F-8735-A2756D35C17A}.Debug|x64.ActiveCfg = Debug|x64
		{D465867F-E0B6-4F7F-8735-A2756D35C17A}.Debug|x64.Build.0 = Debug|x64
		{D465867F-E0B6-4F7F-8735-A2756D35C17A}.Release|Any CPU.ActiveCfg = Release|Any CPU
		{D465867F-E0B6-4F7F-8735-A2756D35C17A}.Release|Any CPU.Build.0 = Release|Any CPU
		{D465867F-E0B6-4F7F-8735-A2756D35C17A}.Release|x64.ActiveCfg = Release|Any CPU
		{D465867F-E0B6-4F7F-8735-A2756D35C17A}.Release|x64.Build.0 = Release|Any CPU
		{3E4D9C87-C68F-42C7-87A1-841F16DA1E9D}.Debug|Any CPU.ActiveCfg = Debug|Any CPU
		{3E4D9C87-C68F-42C7-87A1-841F16DA1E9D}.Debug|Any CPU.Build.0 = Debug|Any CPU
		{3E4D9C87-C68F-42C7-87A1-841F16DA1E9D}.Debug|x64.ActiveCfg = Debug|x64
		{3E4D9C87-C68F-42C7-87A1-841F16DA1E9D}.Debug|x64.Build.0 = Debug|x64
		{3E4D9C87-C68F-42C7-87A1-841F16DA1E9D}.Release|Any CPU.ActiveCfg = Release|Any CPU
		{3E4D9C87-C68F-42C7-87A1-841F16DA1E9D}.Release|Any CPU.Build.0 = Release|Any CPU
		{3E4D9C87-C68F-42C7-87A1-841F16DA1E9D}.Release|x64.ActiveCfg = Release|Any CPU
		{3E4D9C87-C68F-42C7-87A1-841F16DA1E9D}.Release|x64.Build.0 = Release|Any CPU
		{0E4ACD7C-5701-4F51-AAA9-C08BCB5E13EE}.Debug|Any CPU.ActiveCfg = Debug|Any CPU
		{0E4ACD7C-5701-4F51-AAA9-C08BCB5E13EE}.Debug|Any CPU.Build.0 = Debug|Any CPU
		{0E4ACD7C-5701-4F51-AAA9-C08BCB5E13EE}.Debug|x64.ActiveCfg = Debug|x64
		{0E4ACD7C-5701-4F51-AAA9-C08BCB5E13EE}.Debug|x64.Build.0 = Debug|x64
		{0E4ACD7C-5701-4F51-AAA9-C08BCB5E13EE}.Release|Any CPU.ActiveCfg = Release|Any CPU
		{0E4ACD7C-5701-4F51-AAA9-C08BCB5E13EE}.Release|Any CPU.Build.0 = Release|Any CPU
		{0E4ACD7C-5701-4F51-AAA9-C08BCB5E13EE}.Release|x64.ActiveCfg = Release|Any CPU
		{0E4ACD7C-5701-4F51-AAA9-C08BCB5E13EE}.Release|x64.Build.0 = Release|Any CPU
		{2604EA9B-F6F3-4F5E-87D8-5D917DF901EC}.Debug|Any CPU.ActiveCfg = Debug|Any CPU
		{2604EA9B-F6F3-4F5E-87D8-5D917DF901EC}.Debug|Any CPU.Build.0 = Debug|Any CPU
		{2604EA9B-F6F3-4F5E-87D8-5D917DF901EC}.Debug|x64.ActiveCfg = Debug|x64
		{2604EA9B-F6F3-4F5E-87D8-5D917DF901EC}.Debug|x64.Build.0 = Debug|x64
		{2604EA9B-F6F3-4F5E-87D8-5D917DF901EC}.Release|Any CPU.ActiveCfg = Release|Any CPU
		{2604EA9B-F6F3-4F5E-87D8-5D917DF901EC}.Release|Any CPU.Build.0 = Release|Any CPU
		{2604EA9B-F6F3-4F5E-87D8-5D917DF901EC}.Release|x64.ActiveCfg = Release|Any CPU
		{2604EA9B-F6F3-4F5E-87D8-5D917DF901EC}.Release|x64.Build.0 = Release|Any CPU
		{9FD970A7-6E34-4CBD-AA3A-92691FAB530F}.Debug|Any CPU.ActiveCfg = Debug|Any CPU
		{9FD970A7-6E34-4CBD-AA3A-92691FAB530F}.Debug|Any CPU.Build.0 = Debug|Any CPU
		{9FD970A7-6E34-4CBD-AA3A-92691FAB530F}.Debug|x64.ActiveCfg = Debug|x64
		{9FD970A7-6E34-4CBD-AA3A-92691FAB530F}.Debug|x64.Build.0 = Debug|x64
		{9FD970A7-6E34-4CBD-AA3A-92691FAB530F}.Release|Any CPU.ActiveCfg = Release|Any CPU
		{9FD970A7-6E34-4CBD-AA3A-92691FAB530F}.Release|Any CPU.Build.0 = Release|Any CPU
		{9FD970A7-6E34-4CBD-AA3A-92691FAB530F}.Release|x64.ActiveCfg = Release|Any CPU
		{9FD970A7-6E34-4CBD-AA3A-92691FAB530F}.Release|x64.Build.0 = Release|Any CPU
		{2D52344B-4253-405D-9E1D-0E8A1B7EC7E2}.Debug|Any CPU.ActiveCfg = Debug|Any CPU
		{2D52344B-4253-405D-9E1D-0E8A1B7EC7E2}.Debug|Any CPU.Build.0 = Debug|Any CPU
		{2D52344B-4253-405D-9E1D-0E8A1B7EC7E2}.Debug|x64.ActiveCfg = Debug|x64
		{2D52344B-4253-405D-9E1D-0E8A1B7EC7E2}.Debug|x64.Build.0 = Debug|x64
		{2D52344B-4253-405D-9E1D-0E8A1B7EC7E2}.Release|Any CPU.ActiveCfg = Release|Any CPU
		{2D52344B-4253-405D-9E1D-0E8A1B7EC7E2}.Release|Any CPU.Build.0 = Release|Any CPU
		{2D52344B-4253-405D-9E1D-0E8A1B7EC7E2}.Release|x64.ActiveCfg = Release|Any CPU
		{2D52344B-4253-405D-9E1D-0E8A1B7EC7E2}.Release|x64.Build.0 = Release|Any CPU
		{0EF226CD-EF4D-4E44-B055-3EDC07498641}.Debug|Any CPU.ActiveCfg = Debug|Any CPU
		{0EF226CD-EF4D-4E44-B055-3EDC07498641}.Debug|Any CPU.Build.0 = Debug|Any CPU
		{0EF226CD-EF4D-4E44-B055-3EDC07498641}.Debug|x64.ActiveCfg = Debug|x64
		{0EF226CD-EF4D-4E44-B055-3EDC07498641}.Debug|x64.Build.0 = Debug|x64
		{0EF226CD-EF4D-4E44-B055-3EDC07498641}.Release|Any CPU.ActiveCfg = Release|Any CPU
		{0EF226CD-EF4D-4E44-B055-3EDC07498641}.Release|Any CPU.Build.0 = Release|Any CPU
		{0EF226CD-EF4D-4E44-B055-3EDC07498641}.Release|x64.ActiveCfg = Release|Any CPU
		{0EF226CD-EF4D-4E44-B055-3EDC07498641}.Release|x64.Build.0 = Release|Any CPU
		{7230D36A-8A18-4E94-BB8F-7AEC8B9069E4}.Debug|Any CPU.ActiveCfg = Debug|Any CPU
		{7230D36A-8A18-4E94-BB8F-7AEC8B9069E4}.Debug|Any CPU.Build.0 = Debug|Any CPU
		{7230D36A-8A18-4E94-BB8F-7AEC8B9069E4}.Debug|x64.ActiveCfg = Debug|x64
		{7230D36A-8A18-4E94-BB8F-7AEC8B9069E4}.Debug|x64.Build.0 = Debug|x64
		{7230D36A-8A18-4E94-BB8F-7AEC8B9069E4}.Release|Any CPU.ActiveCfg = Release|Any CPU
		{7230D36A-8A18-4E94-BB8F-7AEC8B9069E4}.Release|Any CPU.Build.0 = Release|Any CPU
		{7230D36A-8A18-4E94-BB8F-7AEC8B9069E4}.Release|x64.ActiveCfg = Release|Any CPU
		{7230D36A-8A18-4E94-BB8F-7AEC8B9069E4}.Release|x64.Build.0 = Release|Any CPU
		{E0E9FBF5-B0FB-403F-AA0D-C6E378DD9A81}.Debug|Any CPU.ActiveCfg = Debug|Any CPU
		{E0E9FBF5-B0FB-403F-AA0D-C6E378DD9A81}.Debug|Any CPU.Build.0 = Debug|Any CPU
		{E0E9FBF5-B0FB-403F-AA0D-C6E378DD9A81}.Debug|x64.ActiveCfg = Debug|x64
		{E0E9FBF5-B0FB-403F-AA0D-C6E378DD9A81}.Debug|x64.Build.0 = Debug|x64
		{E0E9FBF5-B0FB-403F-AA0D-C6E378DD9A81}.Release|Any CPU.ActiveCfg = Release|Any CPU
		{E0E9FBF5-B0FB-403F-AA0D-C6E378DD9A81}.Release|Any CPU.Build.0 = Release|Any CPU
		{E0E9FBF5-B0FB-403F-AA0D-C6E378DD9A81}.Release|x64.ActiveCfg = Release|Any CPU
		{E0E9FBF5-B0FB-403F-AA0D-C6E378DD9A81}.Release|x64.Build.0 = Release|Any CPU
	EndGlobalSection
	GlobalSection(SolutionProperties) = preSolution
		HideSolutionNode = FALSE
	EndGlobalSection
	GlobalSection(NestedProjects) = preSolution
		{D98C7CD1-6418-4059-A332-FF8457DEA875} = {D836EF40-187B-4691-A91B-E7568C64C5A4}
		{9057B347-0527-454D-9341-1FD24D537525} = {66ADA061-5B32-4DC6-B305-0903EED490B9}
		{5D76F3C0-A033-4C4E-B343-6C624F1C593C} = {D836EF40-187B-4691-A91B-E7568C64C5A4}
		{677D8498-5C0A-4F32-AC97-36A3939A3653} = {66ADA061-5B32-4DC6-B305-0903EED490B9}
		{AA3688D1-FCD4-4EC3-BA3B-75CEAEF0BA12} = {71EF192D-1F5B-412D-A191-453F8BBD2B71}
		{B7F67822-1D65-4D45-A0A9-9CAD573CF03A} = {83CFDB26-B17D-4CF5-A4CB-98EBFC72E72D}
		{39C90839-2D58-44E8-AD01-1D1FAF68F737} = {83CFDB26-B17D-4CF5-A4CB-98EBFC72E72D}
		{AC370AB1-94B6-492C-AF18-4BC44D67EFDF} = {66ADA061-5B32-4DC6-B305-0903EED490B9}
		{D6FAC431-BDBB-4C45-B8C0-56E2F344C543} = {83CFDB26-B17D-4CF5-A4CB-98EBFC72E72D}
		{BCD1B8B8-0E6A-47BE-9B08-46C3D2248B61} = {C075F8C0-A0AA-479C-81EF-8742434D9EA9}
		{7BBF5E81-6896-437F-8A67-CC39E79B4443} = {C075F8C0-A0AA-479C-81EF-8742434D9EA9}
		{D73FE15F-E6A1-49B4-A4EA-1ED14F5D248F} = {C075F8C0-A0AA-479C-81EF-8742434D9EA9}
		{B54BA46D-4FF9-4293-B0CB-5F7D1FA8D88A} = {C075F8C0-A0AA-479C-81EF-8742434D9EA9}
		{91FB8C90-5269-47ED-ABDA-B5F420496ED6} = {43F85CE7-1AF9-4307-BDC6-BE83CBBD7BA4}
		{590C2FC1-01D9-4F2B-9038-1C1A2BFE3B96} = {43F85CE7-1AF9-4307-BDC6-BE83CBBD7BA4}
		{D465867F-E0B6-4F7F-8735-A2756D35C17A} = {43F85CE7-1AF9-4307-BDC6-BE83CBBD7BA4}
		{3E4D9C87-C68F-42C7-87A1-841F16DA1E9D} = {43F85CE7-1AF9-4307-BDC6-BE83CBBD7BA4}
		{0E4ACD7C-5701-4F51-AAA9-C08BCB5E13EE} = {66ADA061-5B32-4DC6-B305-0903EED490B9}
		{2604EA9B-F6F3-4F5E-87D8-5D917DF901EC} = {C075F8C0-A0AA-479C-81EF-8742434D9EA9}
		{9FD970A7-6E34-4CBD-AA3A-92691FAB530F} = {83CFDB26-B17D-4CF5-A4CB-98EBFC72E72D}
		{2D52344B-4253-405D-9E1D-0E8A1B7EC7E2} = {1D85BD90-7214-47E5-8757-FC02504349C8}
		{0EF226CD-EF4D-4E44-B055-3EDC07498641} = {1D85BD90-7214-47E5-8757-FC02504349C8}
		{7230D36A-8A18-4E94-BB8F-7AEC8B9069E4} = {1D85BD90-7214-47E5-8757-FC02504349C8}
		{E0E9FBF5-B0FB-403F-AA0D-C6E378DD9A81} = {1D85BD90-7214-47E5-8757-FC02504349C8}
	EndGlobalSection
	GlobalSection(ExtensibilityGlobals) = postSolution
		SolutionGuid = {91A5F9F4-BE36-4139-B19D-0A968469D69A}
	EndGlobalSection
EndGlobal
